
Microsoft Visual Studio Solution File, Format Version 12.00
# Visual Studio 15
VisualStudioVersion = 15.0.27004.2009
MinimumVisualStudioVersion = 10.0.40219.1
Project("{8BC9CEB8-8B4A-11D0-8D11-00A0C91BC942}") = "SEDCoursework2017", "SEDCoursework2017\SEDCoursework2017.vcxproj", "{E772BD27-3F00-4EB5-B46F-3E298C9FA660}"
EndProject
Global
	GlobalSection(SolutionConfigurationPlatforms) = preSolution
		Debug|x64 = Debug|x64
		Debug|x86 = Debug|x86
		Release|x64 = Release|x64
		Release|x86 = Release|x86
	EndGlobalSection
	GlobalSection(ProjectConfigurationPlatforms) = postSolution
		{E772BD27-3F00-4EB5-B46F-3E298C9FA660}.Debug|x64.ActiveCfg = Debug|x64
		{E772BD27-3F00-4EB5-B46F-3E298C9FA660}.Debug|x64.Build.0 = Debug|x64
		{E772BD27-3F00-4EB5-B46F-3E298C9FA660}.Debug|x86.ActiveCfg = Debug|Win32
		{E772BD27-3F00-4EB5-B46F-3E298C9FA660}.Debug|x86.Build.0 = Debug|Win32
		{E772BD27-3F00-4EB5-B46F-3E298C9FA660}.Release|x64.ActiveCfg = Release|x64
		{E772BD27-3F00-4EB5-B46F-3E298C9FA660}.Release|x64.Build.0 = Release|x64
		{E772BD27-3F00-4EB5-B46F-3E298C9FA660}.Release|x86.ActiveCfg = Release|Win32
		{E772BD27-3F00-4EB5-B46F-3E298C9FA660}.Release|x86.Build.0 = Release|Win32
	EndGlobalSection
	GlobalSection(SolutionProperties) = preSolution
		HideSolutionNode = FALSE
	EndGlobalSection
	GlobalSection(ExtensibilityGlobals) = postSolution
		SolutionGuid = {0DFC9FE8-09B6-436F-9AA2-2EA3F2662F8B}
	EndGlobalSection
EndGlobal
